{
  "pins" : [
    {
      "identity" : "ios_sdk",
      "kind" : "remoteSourceControl",
      "location" : "https://github.com/Adnuntius/ios_sdk",
      "state" : {
        "branch" : "jp_provide_width_height_more_reliably",
        "revision" : "317ab80b1db0e8e09f81bc4164ccd062f470e0e4"
      }
    }
  ],
  "version" : 2
}
